
Microsoft Visual Studio Solution File, Format Version 12.00
# Visual Studio Version 17
VisualStudioVersion = 17.14.37012.4
MinimumVisualStudioVersion = 10.0.40219.1
Project("{FAE04EC0-301F-11D3-BF4B-00C04F79EFBC}") = "ServerChat", "ServerChat.csproj", "{E815E0A6-971D-47D7-BA35-4C203CA5E0F2}"
EndProject
Project("{FAE04EC0-301F-11D3-BF4B-00C04F79EFBC}") = "ClientChat", "..\ClientChat\ClientChat.csproj", "{8E244EF5-253B-4E9E-BCBC-0769298E010C}"
EndProject
Global
	GlobalSection(SolutionConfigurationPlatforms) = preSolution
		Debug|Any CPU = Debug|Any CPU
		Release|Any CPU = Release|Any CPU
	EndGlobalSection
	GlobalSection(ProjectConfigurationPlatforms) = postSolution
		{E815E0A6-971D-47D7-BA35-4C203CA5E0F2}.Debug|Any CPU.ActiveCfg = Debug|Any CPU
		{E815E0A6-971D-47D7-BA35-4C203CA5E0F2}.Debug|Any CPU.Build.0 = Debug|Any CPU
		{E815E0A6-971D-47D7-BA35-4C203CA5E0F2}.Release|Any CPU.ActiveCfg = Release|Any CPU
		{E815E0A6-971D-47D7-BA35-4C203CA5E0F2}.Release|Any CPU.Build.0 = Release|Any CPU
		{8E244EF5-253B-4E9E-BCBC-0769298E010C}.Debug|Any CPU.ActiveCfg = Debug|Any CPU
		{8E244EF5-253B-4E9E-BCBC-0769298E010C}.Debug|Any CPU.Build.0 = Debug|Any CPU
		{8E244EF5-253B-4E9E-BCBC-0769298E010C}.Release|Any CPU.ActiveCfg = Release|Any CPU
		{8E244EF5-253B-4E9E-BCBC-0769298E010C}.Release|Any CPU.Build.0 = Release|Any CPU
	EndGlobalSection
	GlobalSection(SolutionProperties) = preSolution
		HideSolutionNode = FALSE
	EndGlobalSection
	GlobalSection(ExtensibilityGlobals) = postSolution
		SolutionGuid = {877D074E-480B-4114-8CB1-02D7EB59B551}
	EndGlobalSection
EndGlobal
